
Microsoft Visual Studio Solution File, Format Version 12.00
# Visual Studio Version 17
VisualStudioVersion = 17.4.33205.214
MinimumVisualStudioVersion = 10.0.40219.1
Project("{FAE04EC0-301F-11D3-BF4B-00C04F79EFBC}") = "Probando", "Probando\Probando.csproj", "{0CC655A2-12C4-48E2-9F3A-6C178E0B26BB}"
EndProject
Global
	GlobalSection(SolutionConfigurationPlatforms) = preSolution
		Debug|Any CPU = Debug|Any CPU
		Release|Any CPU = Release|Any CPU
	EndGlobalSection
	GlobalSection(ProjectConfigurationPlatforms) = postSolution
		{0CC655A2-12C4-48E2-9F3A-6C178E0B26BB}.Debug|Any CPU.ActiveCfg = Debug|Any CPU
		{0CC655A2-12C4-48E2-9F3A-6C178E0B26BB}.Debug|Any CPU.Build.0 = Debug|Any CPU
		{0CC655A2-12C4-48E2-9F3A-6C178E0B26BB}.Release|Any CPU.ActiveCfg = Release|Any CPU
		{0CC655A2-12C4-48E2-9F3A-6C178E0B26BB}.Release|Any CPU.Build.0 = Release|Any CPU
	EndGlobalSection
	GlobalSection(SolutionProperties) = preSolution
		HideSolutionNode = FALSE
	EndGlobalSection
	GlobalSection(ExtensibilityGlobals) = postSolution
		SolutionGuid = {010A153B-2A79-4572-8894-2DE7D2854724}
	EndGlobalSection
EndGlobal
